
Microsoft Visual Studio Solution File, Format Version 12.00
# Visual Studio Version 17
VisualStudioVersion = 17.0.31612.314
MinimumVisualStudioVersion = 10.0.40219.1
Project("{9A19103F-16F7-4668-BE54-9A1E7A4F7556}") = "CustomPaymentFlow", "CustomPaymentFlow\CustomPaymentFlow.csproj", "{88D514F1-F0A2-4C7A-B14B-45C50BF841FB}"
EndProject
Global
	GlobalSection(SolutionConfigurationPlatforms) = preSolution
		Debug|Any CPU = Debug|Any CPU
		Release|Any CPU = Release|Any CPU
	EndGlobalSection
	GlobalSection(ProjectConfigurationPlatforms) = postSolution
		{88D514F1-F0A2-4C7A-B14B-45C50BF841FB}.Debug|Any CPU.ActiveCfg = Debug|Any CPU
		{88D514F1-F0A2-4C7A-B14B-45C50BF841FB}.Debug|Any CPU.Build.0 = Debug|Any CPU
		{88D514F1-F0A2-4C7A-B14B-45C50BF841FB}.Release|Any CPU.ActiveCfg = Release|Any CPU
		{88D514F1-F0A2-4C7A-B14B-45C50BF841FB}.Release|Any CPU.Build.0 = Release|Any CPU
	EndGlobalSection
	GlobalSection(SolutionProperties) = preSolution
		HideSolutionNode = FALSE
	EndGlobalSection
	GlobalSection(ExtensibilityGlobals) = postSolution
		SolutionGuid = {234C7088-E1AC-4616-A4AA-AC3C152E614D}
	EndGlobalSection
EndGlobal
